
Microsoft Visual Studio Solution File, Format Version 12.00
# Visual Studio 15
VisualStudioVersion = 15.0.28307.106
MinimumVisualStudioVersion = 10.0.40219.1
Project("{8BC9CEB8-8B4A-11D0-8D11-00A0C91BC942}") = "XandO_remastered", "XandO_remastered.vcxproj", "{C34A3A01-519F-4B20-A5EC-1C738801CA68}"
EndProject
Global
	GlobalSection(SolutionConfigurationPlatforms) = preSolution
		Debug|x64 = Debug|x64
		Debug|x86 = Debug|x86
		Release|x64 = Release|x64
		Release|x86 = Release|x86
	EndGlobalSection
	GlobalSection(ProjectConfigurationPlatforms) = postSolution
		{C34A3A01-519F-4B20-A5EC-1C738801CA68}.Debug|x64.ActiveCfg = Debug|x64
		{C34A3A01-519F-4B20-A5EC-1C738801CA68}.Debug|x64.Build.0 = Debug|x64
		{C34A3A01-519F-4B20-A5EC-1C738801CA68}.Debug|x86.ActiveCfg = Debug|Win32
		{C34A3A01-519F-4B20-A5EC-1C738801CA68}.Debug|x86.Build.0 = Debug|Win32
		{C34A3A01-519F-4B20-A5EC-1C738801CA68}.Release|x64.ActiveCfg = Release|x64
		{C34A3A01-519F-4B20-A5EC-1C738801CA68}.Release|x64.Build.0 = Release|x64
		{C34A3A01-519F-4B20-A5EC-1C738801CA68}.Release|x86.ActiveCfg = Release|Win32
		{C34A3A01-519F-4B20-A5EC-1C738801CA68}.Release|x86.Build.0 = Release|Win32
	EndGlobalSection
	GlobalSection(SolutionProperties) = preSolution
		HideSolutionNode = FALSE
	EndGlobalSection
	GlobalSection(ExtensibilityGlobals) = postSolution
		SolutionGuid = {9199AFBB-7992-4110-BFE3-F11CFFEF88BA}
	EndGlobalSection
EndGlobal
